
Microsoft Visual Studio Solution File, Format Version 12.00
# Visual Studio 15
VisualStudioVersion = 15.0.27703.2026
MinimumVisualStudioVersion = 10.0.40219.1
Project("{888888A0-9F3D-457C-B088-3A5042F75D52}") = "DemoBot", "DemoBot\DemoBot.pyproj", "{FD78A614-80FC-4177-B465-7268319A2505}"
EndProject
Global
	GlobalSection(SolutionConfigurationPlatforms) = preSolution
		Debug|Any CPU = Debug|Any CPU
		Release|Any CPU = Release|Any CPU
	EndGlobalSection
	GlobalSection(ProjectConfigurationPlatforms) = postSolution
		{FD78A614-80FC-4177-B465-7268319A2505}.Debug|Any CPU.ActiveCfg = Debug|Any CPU
		{FD78A614-80FC-4177-B465-7268319A2505}.Release|Any CPU.ActiveCfg = Release|Any CPU
	EndGlobalSection
	GlobalSection(SolutionProperties) = preSolution
		HideSolutionNode = FALSE
	EndGlobalSection
	GlobalSection(ExtensibilityGlobals) = postSolution
		SolutionGuid = {885AEC31-DA75-47B2-9EA1-2D6D527A25DA}
	EndGlobalSection
EndGlobal
